
Microsoft Visual Studio Solution File, Format Version 12.00
# Visual Studio 15
VisualStudioVersion = 15.0.28307.421
MinimumVisualStudioVersion = 10.0.40219.1
Project("{FAE04EC0-301F-11D3-BF4B-00C04F79EFBC}") = "TugasTiga1", "TugasTiga1\TugasTiga1.csproj", "{CE10F215-105E-4675-A309-4CA11B37943F}"
EndProject
Global
	GlobalSection(SolutionConfigurationPlatforms) = preSolution
		Debug|Any CPU = Debug|Any CPU
		Release|Any CPU = Release|Any CPU
	EndGlobalSection
	GlobalSection(ProjectConfigurationPlatforms) = postSolution
		{CE10F215-105E-4675-A309-4CA11B37943F}.Debug|Any CPU.ActiveCfg = Debug|Any CPU
		{CE10F215-105E-4675-A309-4CA11B37943F}.Debug|Any CPU.Build.0 = Debug|Any CPU
		{CE10F215-105E-4675-A309-4CA11B37943F}.Release|Any CPU.ActiveCfg = Release|Any CPU
		{CE10F215-105E-4675-A309-4CA11B37943F}.Release|Any CPU.Build.0 = Release|Any CPU
	EndGlobalSection
	GlobalSection(SolutionProperties) = preSolution
		HideSolutionNode = FALSE
	EndGlobalSection
	GlobalSection(ExtensibilityGlobals) = postSolution
		SolutionGuid = {58AC0748-9361-4800-B7D5-67EB4743691D}
	EndGlobalSection
EndGlobal
